
Microsoft Visual Studio Solution File, Format Version 12.00
# Visual Studio 14
VisualStudioVersion = 14.0.24720.0
MinimumVisualStudioVersion = 10.0.40219.1
Project("{FAE04EC0-301F-11D3-BF4B-00C04F79EFBC}") = "Web", "Web\Web.csproj", "{8F81C44C-91C2-4EB2-B22A-19581A286AF4}"
EndProject
Project("{FAE04EC0-301F-11D3-BF4B-00C04F79EFBC}") = "Infrastructure", "Infrastructure\Infrastructure.csproj", "{BAA5957C-6A19-453D-A7A8-7F5C664275DA}"
EndProject
Project("{2150E333-8FDC-42A3-9474-1A3956D46DE8}") = "Modules", "Modules", "{B1DC4E1C-6C7B-46F6-AB9D-E3EB4E6C7E0F}"
EndProject
Project("{2150E333-8FDC-42A3-9474-1A3956D46DE8}") = "Tests", "Tests", "{A5551651-79F8-400C-9492-3DA46898F9CE}"
EndProject
Project("{FAE04EC0-301F-11D3-BF4B-00C04F79EFBC}") = "Infrastructure.Test", "Infrastructure.Test\Infrastructure.Test.csproj", "{52AB4243-2E9F-4D85-BFC9-48A7957160E1}"
EndProject
Project("{FAE04EC0-301F-11D3-BF4B-00C04F79EFBC}") = "Module.Solr", "Modules\Module.Solr\Module.Solr.csproj", "{B8B4F49C-21A5-44BA-A248-B829F62BEEB5}"
EndProject
Project("{2150E333-8FDC-42A3-9474-1A3956D46DE8}") = "Modules", "Modules", "{7149CD92-F27C-4DA0-80CC-2F22A0F21A88}"
EndProject
Project("{FAE04EC0-301F-11D3-BF4B-00C04F79EFBC}") = "Module.Solr.Test", "Modules.Tests\Module.Solr.Test\Module.Solr.Test.csproj", "{81990985-FA5A-4CE6-AEB8-097A780F94AE}"
EndProject
Project("{FAE04EC0-301F-11D3-BF4B-00C04F79EFBC}") = "Common", "Common\Common.csproj", "{9956E4D8-29FB-4CBA-8231-9F2E5C0C3EC8}"
EndProject
Project("{FAE04EC0-301F-11D3-BF4B-00C04F79EFBC}") = "Module.Redis", "Modules\Module.Redis\Module.Redis.csproj", "{8C223AF8-CE9B-4A51-B92E-AB81DC36B346}"
EndProject
Project("{FAE04EC0-301F-11D3-BF4B-00C04F79EFBC}") = "Module.Redis.Test", "Modules.Tests\Module.Redis.Test\Module.Redis.Test.csproj", "{DB65CA76-FA33-4DA3-8640-27D7ED778A0C}"
EndProject
Global
	GlobalSection(SolutionConfigurationPlatforms) = preSolution
		Debug|Any CPU = Debug|Any CPU
		Release|Any CPU = Release|Any CPU
	EndGlobalSection
	GlobalSection(ProjectConfigurationPlatforms) = postSolution
		{8F81C44C-91C2-4EB2-B22A-19581A286AF4}.Debug|Any CPU.ActiveCfg = Debug|Any CPU
		{8F81C44C-91C2-4EB2-B22A-19581A286AF4}.Debug|Any CPU.Build.0 = Debug|Any CPU
		{8F81C44C-91C2-4EB2-B22A-19581A286AF4}.Release|Any CPU.ActiveCfg = Release|Any CPU
		{8F81C44C-91C2-4EB2-B22A-19581A286AF4}.Release|Any CPU.Build.0 = Release|Any CPU
		{BAA5957C-6A19-453D-A7A8-7F5C664275DA}.Debug|Any CPU.ActiveCfg = Debug|Any CPU
		{BAA5957C-6A19-453D-A7A8-7F5C664275DA}.Debug|Any CPU.Build.0 = Debug|Any CPU
		{BAA5957C-6A19-453D-A7A8-7F5C664275DA}.Release|Any CPU.ActiveCfg = Release|Any CPU
		{BAA5957C-6A19-453D-A7A8-7F5C664275DA}.Release|Any CPU.Build.0 = Release|Any CPU
		{52AB4243-2E9F-4D85-BFC9-48A7957160E1}.Debug|Any CPU.ActiveCfg = Debug|Any CPU
		{52AB4243-2E9F-4D85-BFC9-48A7957160E1}.Debug|Any CPU.Build.0 = Debug|Any CPU
		{52AB4243-2E9F-4D85-BFC9-48A7957160E1}.Release|Any CPU.ActiveCfg = Release|Any CPU
		{52AB4243-2E9F-4D85-BFC9-48A7957160E1}.Release|Any CPU.Build.0 = Release|Any CPU
		{B8B4F49C-21A5-44BA-A248-B829F62BEEB5}.Debug|Any CPU.ActiveCfg = Debug|Any CPU
		{B8B4F49C-21A5-44BA-A248-B829F62BEEB5}.Debug|Any CPU.Build.0 = Debug|Any CPU
		{B8B4F49C-21A5-44BA-A248-B829F62BEEB5}.Release|Any CPU.ActiveCfg = Release|Any CPU
		{B8B4F49C-21A5-44BA-A248-B829F62BEEB5}.Release|Any CPU.Build.0 = Release|Any CPU
		{81990985-FA5A-4CE6-AEB8-097A780F94AE}.Debug|Any CPU.ActiveCfg = Debug|Any CPU
		{81990985-FA5A-4CE6-AEB8-097A780F94AE}.Debug|Any CPU.Build.0 = Debug|Any CPU
		{81990985-FA5A-4CE6-AEB8-097A780F94AE}.Release|Any CPU.ActiveCfg = Release|Any CPU
		{81990985-FA5A-4CE6-AEB8-097A780F94AE}.Release|Any CPU.Build.0 = Release|Any CPU
		{9956E4D8-29FB-4CBA-8231-9F2E5C0C3EC8}.Debug|Any CPU.ActiveCfg = Debug|Any CPU
		{9956E4D8-29FB-4CBA-8231-9F2E5C0C3EC8}.Debug|Any CPU.Build.0 = Debug|Any CPU
		{9956E4D8-29FB-4CBA-8231-9F2E5C0C3EC8}.Release|Any CPU.ActiveCfg = Release|Any CPU
		{9956E4D8-29FB-4CBA-8231-9F2E5C0C3EC8}.Release|Any CPU.Build.0 = Release|Any CPU
		{8C223AF8-CE9B-4A51-B92E-AB81DC36B346}.Debug|Any CPU.ActiveCfg = Debug|Any CPU
		{8C223AF8-CE9B-4A51-B92E-AB81DC36B346}.Debug|Any CPU.Build.0 = Debug|Any CPU
		{8C223AF8-CE9B-4A51-B92E-AB81DC36B346}.Release|Any CPU.ActiveCfg = Release|Any CPU
		{8C223AF8-CE9B-4A51-B92E-AB81DC36B346}.Release|Any CPU.Build.0 = Release|Any CPU
		{DB65CA76-FA33-4DA3-8640-27D7ED778A0C}.Debug|Any CPU.ActiveCfg = Debug|Any CPU
		{DB65CA76-FA33-4DA3-8640-27D7ED778A0C}.Debug|Any CPU.Build.0 = Debug|Any CPU
		{DB65CA76-FA33-4DA3-8640-27D7ED778A0C}.Release|Any CPU.ActiveCfg = Release|Any CPU
		{DB65CA76-FA33-4DA3-8640-27D7ED778A0C}.Release|Any CPU.Build.0 = Release|Any CPU
	EndGlobalSection
	GlobalSection(SolutionProperties) = preSolution
		HideSolutionNode = FALSE
	EndGlobalSection
	GlobalSection(NestedProjects) = preSolution
		{52AB4243-2E9F-4D85-BFC9-48A7957160E1} = {A5551651-79F8-400C-9492-3DA46898F9CE}
		{B8B4F49C-21A5-44BA-A248-B829F62BEEB5} = {B1DC4E1C-6C7B-46F6-AB9D-E3EB4E6C7E0F}
		{7149CD92-F27C-4DA0-80CC-2F22A0F21A88} = {A5551651-79F8-400C-9492-3DA46898F9CE}
		{81990985-FA5A-4CE6-AEB8-097A780F94AE} = {7149CD92-F27C-4DA0-80CC-2F22A0F21A88}
		{8C223AF8-CE9B-4A51-B92E-AB81DC36B346} = {B1DC4E1C-6C7B-46F6-AB9D-E3EB4E6C7E0F}
		{DB65CA76-FA33-4DA3-8640-27D7ED778A0C} = {7149CD92-F27C-4DA0-80CC-2F22A0F21A88}
	EndGlobalSection
EndGlobal
