
Microsoft Visual Studio Solution File, Format Version 12.00
# Visual Studio 14
VisualStudioVersion = 14.0.24720.0
MinimumVisualStudioVersion = 10.0.40219.1
Project("{FAE04EC0-301F-11D3-BF4B-00C04F79EFBC}") = "Web", "Web\Web.csproj", "{8F81C44C-91C2-4EB2-B22A-19581A286AF4}"
EndProject
Project("{FAE04EC0-301F-11D3-BF4B-00C04F79EFBC}") = "Infrastructure", "Infrastructure\Infrastructure.csproj", "{BAA5957C-6A19-453D-A7A8-7F5C664275DA}"
EndProject
Project("{2150E333-8FDC-42A3-9474-1A3956D46DE8}") = "Plugins", "Plugins", "{B1DC4E1C-6C7B-46F6-AB9D-E3EB4E6C7E0F}"
EndProject
Project("{2150E333-8FDC-42A3-9474-1A3956D46DE8}") = "Tests", "Tests", "{A5551651-79F8-400C-9492-3DA46898F9CE}"
EndProject
Project("{FAE04EC0-301F-11D3-BF4B-00C04F79EFBC}") = "Infrastructure.Test", "Infrastructure.Test\Infrastructure.Test.csproj", "{52AB4243-2E9F-4D85-BFC9-48A7957160E1}"
EndProject
Project("{2150E333-8FDC-42A3-9474-1A3956D46DE8}") = "Plugins", "Plugins", "{7149CD92-F27C-4DA0-80CC-2F22A0F21A88}"
EndProject
Project("{FAE04EC0-301F-11D3-BF4B-00C04F79EFBC}") = "Common", "Common\Common.csproj", "{9956E4D8-29FB-4CBA-8231-9F2E5C0C3EC8}"
EndProject
Project("{FAE04EC0-301F-11D3-BF4B-00C04F79EFBC}") = "Common.Test", "Common.Test\Common.Test.csproj", "{47DAD044-7221-48E5-AA5C-24C7616A9D81}"
EndProject
Project("{2150E333-8FDC-42A3-9474-1A3956D46DE8}") = "Features", "Features", "{98A3DB38-9C56-410F-BE27-9F07698000B6}"
EndProject
Project("{2150E333-8FDC-42A3-9474-1A3956D46DE8}") = "Features", "Features", "{ADD66492-2FC9-48FA-A95B-68015DD72A28}"
EndProject
Project("{FAE04EC0-301F-11D3-BF4B-00C04F79EFBC}") = "Plugin.Autofac", "Plugins\Plugin.Autofac\Plugin.Autofac.csproj", "{BFF69ACA-9DD7-4FBA-99B7-049041A78F87}"
EndProject
Project("{FAE04EC0-301F-11D3-BF4B-00C04F79EFBC}") = "Plugin.Quartz", "Plugins\Plugin.Quartz\Plugin.Quartz.csproj", "{D8976CF5-F8D0-4954-B405-986743505162}"
EndProject
Project("{FAE04EC0-301F-11D3-BF4B-00C04F79EFBC}") = "Plugin.Redis", "Plugins\Plugin.Redis\Plugin.Redis.csproj", "{8C223AF8-CE9B-4A51-B92E-AB81DC36B346}"
EndProject
Project("{FAE04EC0-301F-11D3-BF4B-00C04F79EFBC}") = "Plugin.Solr", "Plugins\Plugin.Solr\Plugin.Solr.csproj", "{B8B4F49C-21A5-44BA-A248-B829F62BEEB5}"
EndProject
Project("{FAE04EC0-301F-11D3-BF4B-00C04F79EFBC}") = "Plugin.Quartz.Test", "Plugins.Test\Plugin.Quartz.Test\Plugin.Quartz.Test.csproj", "{784DFA6F-038E-4068-8274-8FF4CA1FAAA8}"
EndProject
Project("{FAE04EC0-301F-11D3-BF4B-00C04F79EFBC}") = "Plugin.Redis.Test", "Plugins.Test\Plugin.Redis.Test\Plugin.Redis.Test.csproj", "{DB65CA76-FA33-4DA3-8640-27D7ED778A0C}"
EndProject
Project("{FAE04EC0-301F-11D3-BF4B-00C04F79EFBC}") = "Plugin.Solr.Test", "Plugins.Test\Plugin.Solr.Test\Plugin.Solr.Test.csproj", "{81990985-FA5A-4CE6-AEB8-097A780F94AE}"
EndProject
Project("{FAE04EC0-301F-11D3-BF4B-00C04F79EFBC}") = "ECommerce.Product", "Features\ECommerce.Product\ECommerce.Product.csproj", "{ADD9A2D4-E21C-4716-9338-97E5D4C1656C}"
EndProject
Project("{FAE04EC0-301F-11D3-BF4B-00C04F79EFBC}") = "ECommerce.Order", "Features\ECommerce.Order\ECommerce.Order.csproj", "{6A6E7FC9-DC58-49E1-AA3A-CFA15FDD51F2}"
EndProject
Project("{2150E333-8FDC-42A3-9474-1A3956D46DE8}") = "Applications", "Applications", "{286F3386-3DBF-460F-86C2-91883EFD27EB}"
EndProject
Project("{FAE04EC0-301F-11D3-BF4B-00C04F79EFBC}") = "Dingdong", "Applications\Dingdong\Dingdong.csproj", "{2BF9781E-E5F8-40FA-BB57-8A393980ABCC}"
EndProject
Project("{2150E333-8FDC-42A3-9474-1A3956D46DE8}") = "Applications", "Applications", "{D6E60B85-C72B-43B5-9952-9974B294E753}"
EndProject
Project("{FAE04EC0-301F-11D3-BF4B-00C04F79EFBC}") = "Dingdong.Tests", "Applications.Test\Dingdong.Tests\Dingdong.Tests.csproj", "{B19AA48B-C903-42F2-9B8A-DAA517FFD934}"
EndProject
Project("{FAE04EC0-301F-11D3-BF4B-00C04F79EFBC}") = "Board", "Board\Board.csproj", "{E9D60911-434B-4C0B-8277-C64DC0A6C4B9}"
EndProject
Project("{FAE04EC0-301F-11D3-BF4B-00C04F79EFBC}") = "HtmlTableToExcel", "Applications\HtmlTableToExcel\HtmlTableToExcel.csproj", "{1FA8CFDF-0379-4A28-8C05-6F59EA15E57E}"
EndProject
Project("{FAE04EC0-301F-11D3-BF4B-00C04F79EFBC}") = "Plugin.NPOI", "Plugins\Plugin.NPOI\Plugin.NPOI.csproj", "{DDF24BF5-3EA8-495E-A641-4377ABED6992}"
EndProject
Project("{FAE04EC0-301F-11D3-BF4B-00C04F79EFBC}") = "Plugin.WkHtmlToPdf", "Plugins\Plugin.WkHtmlToPdf\Plugin.WkHtmlToPdf.csproj", "{F88143C8-D2ED-4C5A-8B74-8B8171DEBF96}"
EndProject
Project("{FAE04EC0-301F-11D3-BF4B-00C04F79EFBC}") = "Plugin.WkHtmlToPdf.Test", "Plugins.Test\Plugin.WkHtmlToPdf.Test\Plugin.WkHtmlToPdf.Test.csproj", "{2DFB2014-AE8A-44B8-BEB3-FFFFF03BFB0D}"
EndProject
Global
	GlobalSection(SolutionConfigurationPlatforms) = preSolution
		Debug|Any CPU = Debug|Any CPU
		Release|Any CPU = Release|Any CPU
	EndGlobalSection
	GlobalSection(ProjectConfigurationPlatforms) = postSolution
		{8F81C44C-91C2-4EB2-B22A-19581A286AF4}.Debug|Any CPU.ActiveCfg = Debug|Any CPU
		{8F81C44C-91C2-4EB2-B22A-19581A286AF4}.Debug|Any CPU.Build.0 = Debug|Any CPU
		{8F81C44C-91C2-4EB2-B22A-19581A286AF4}.Release|Any CPU.ActiveCfg = Release|Any CPU
		{8F81C44C-91C2-4EB2-B22A-19581A286AF4}.Release|Any CPU.Build.0 = Release|Any CPU
		{BAA5957C-6A19-453D-A7A8-7F5C664275DA}.Debug|Any CPU.ActiveCfg = Debug|Any CPU
		{BAA5957C-6A19-453D-A7A8-7F5C664275DA}.Debug|Any CPU.Build.0 = Debug|Any CPU
		{BAA5957C-6A19-453D-A7A8-7F5C664275DA}.Release|Any CPU.ActiveCfg = Release|Any CPU
		{BAA5957C-6A19-453D-A7A8-7F5C664275DA}.Release|Any CPU.Build.0 = Release|Any CPU
		{52AB4243-2E9F-4D85-BFC9-48A7957160E1}.Debug|Any CPU.ActiveCfg = Debug|Any CPU
		{52AB4243-2E9F-4D85-BFC9-48A7957160E1}.Debug|Any CPU.Build.0 = Debug|Any CPU
		{52AB4243-2E9F-4D85-BFC9-48A7957160E1}.Release|Any CPU.ActiveCfg = Release|Any CPU
		{52AB4243-2E9F-4D85-BFC9-48A7957160E1}.Release|Any CPU.Build.0 = Release|Any CPU
		{9956E4D8-29FB-4CBA-8231-9F2E5C0C3EC8}.Debug|Any CPU.ActiveCfg = Debug|Any CPU
		{9956E4D8-29FB-4CBA-8231-9F2E5C0C3EC8}.Debug|Any CPU.Build.0 = Debug|Any CPU
		{9956E4D8-29FB-4CBA-8231-9F2E5C0C3EC8}.Release|Any CPU.ActiveCfg = Release|Any CPU
		{9956E4D8-29FB-4CBA-8231-9F2E5C0C3EC8}.Release|Any CPU.Build.0 = Release|Any CPU
		{47DAD044-7221-48E5-AA5C-24C7616A9D81}.Debug|Any CPU.ActiveCfg = Debug|Any CPU
		{47DAD044-7221-48E5-AA5C-24C7616A9D81}.Debug|Any CPU.Build.0 = Debug|Any CPU
		{47DAD044-7221-48E5-AA5C-24C7616A9D81}.Release|Any CPU.ActiveCfg = Release|Any CPU
		{47DAD044-7221-48E5-AA5C-24C7616A9D81}.Release|Any CPU.Build.0 = Release|Any CPU
		{BFF69ACA-9DD7-4FBA-99B7-049041A78F87}.Debug|Any CPU.ActiveCfg = Debug|Any CPU
		{BFF69ACA-9DD7-4FBA-99B7-049041A78F87}.Debug|Any CPU.Build.0 = Debug|Any CPU
		{BFF69ACA-9DD7-4FBA-99B7-049041A78F87}.Release|Any CPU.ActiveCfg = Release|Any CPU
		{BFF69ACA-9DD7-4FBA-99B7-049041A78F87}.Release|Any CPU.Build.0 = Release|Any CPU
		{D8976CF5-F8D0-4954-B405-986743505162}.Debug|Any CPU.ActiveCfg = Debug|Any CPU
		{D8976CF5-F8D0-4954-B405-986743505162}.Debug|Any CPU.Build.0 = Debug|Any CPU
		{D8976CF5-F8D0-4954-B405-986743505162}.Release|Any CPU.ActiveCfg = Release|Any CPU
		{D8976CF5-F8D0-4954-B405-986743505162}.Release|Any CPU.Build.0 = Release|Any CPU
		{8C223AF8-CE9B-4A51-B92E-AB81DC36B346}.Debug|Any CPU.ActiveCfg = Debug|Any CPU
		{8C223AF8-CE9B-4A51-B92E-AB81DC36B346}.Debug|Any CPU.Build.0 = Debug|Any CPU
		{8C223AF8-CE9B-4A51-B92E-AB81DC36B346}.Release|Any CPU.ActiveCfg = Release|Any CPU
		{8C223AF8-CE9B-4A51-B92E-AB81DC36B346}.Release|Any CPU.Build.0 = Release|Any CPU
		{B8B4F49C-21A5-44BA-A248-B829F62BEEB5}.Debug|Any CPU.ActiveCfg = Debug|Any CPU
		{B8B4F49C-21A5-44BA-A248-B829F62BEEB5}.Debug|Any CPU.Build.0 = Debug|Any CPU
		{B8B4F49C-21A5-44BA-A248-B829F62BEEB5}.Release|Any CPU.ActiveCfg = Release|Any CPU
		{B8B4F49C-21A5-44BA-A248-B829F62BEEB5}.Release|Any CPU.Build.0 = Release|Any CPU
		{784DFA6F-038E-4068-8274-8FF4CA1FAAA8}.Debug|Any CPU.ActiveCfg = Debug|Any CPU
		{784DFA6F-038E-4068-8274-8FF4CA1FAAA8}.Debug|Any CPU.Build.0 = Debug|Any CPU
		{784DFA6F-038E-4068-8274-8FF4CA1FAAA8}.Release|Any CPU.ActiveCfg = Release|Any CPU
		{784DFA6F-038E-4068-8274-8FF4CA1FAAA8}.Release|Any CPU.Build.0 = Release|Any CPU
		{DB65CA76-FA33-4DA3-8640-27D7ED778A0C}.Debug|Any CPU.ActiveCfg = Debug|Any CPU
		{DB65CA76-FA33-4DA3-8640-27D7ED778A0C}.Debug|Any CPU.Build.0 = Debug|Any CPU
		{DB65CA76-FA33-4DA3-8640-27D7ED778A0C}.Release|Any CPU.ActiveCfg = Release|Any CPU
		{DB65CA76-FA33-4DA3-8640-27D7ED778A0C}.Release|Any CPU.Build.0 = Release|Any CPU
		{81990985-FA5A-4CE6-AEB8-097A780F94AE}.Debug|Any CPU.ActiveCfg = Debug|Any CPU
		{81990985-FA5A-4CE6-AEB8-097A780F94AE}.Debug|Any CPU.Build.0 = Debug|Any CPU
		{81990985-FA5A-4CE6-AEB8-097A780F94AE}.Release|Any CPU.ActiveCfg = Release|Any CPU
		{81990985-FA5A-4CE6-AEB8-097A780F94AE}.Release|Any CPU.Build.0 = Release|Any CPU
		{ADD9A2D4-E21C-4716-9338-97E5D4C1656C}.Debug|Any CPU.ActiveCfg = Debug|Any CPU
		{ADD9A2D4-E21C-4716-9338-97E5D4C1656C}.Debug|Any CPU.Build.0 = Debug|Any CPU
		{ADD9A2D4-E21C-4716-9338-97E5D4C1656C}.Release|Any CPU.ActiveCfg = Release|Any CPU
		{ADD9A2D4-E21C-4716-9338-97E5D4C1656C}.Release|Any CPU.Build.0 = Release|Any CPU
		{6A6E7FC9-DC58-49E1-AA3A-CFA15FDD51F2}.Debug|Any CPU.ActiveCfg = Debug|Any CPU
		{6A6E7FC9-DC58-49E1-AA3A-CFA15FDD51F2}.Debug|Any CPU.Build.0 = Debug|Any CPU
		{6A6E7FC9-DC58-49E1-AA3A-CFA15FDD51F2}.Release|Any CPU.ActiveCfg = Release|Any CPU
		{6A6E7FC9-DC58-49E1-AA3A-CFA15FDD51F2}.Release|Any CPU.Build.0 = Release|Any CPU
		{2BF9781E-E5F8-40FA-BB57-8A393980ABCC}.Debug|Any CPU.ActiveCfg = Debug|Any CPU
		{2BF9781E-E5F8-40FA-BB57-8A393980ABCC}.Debug|Any CPU.Build.0 = Debug|Any CPU
		{2BF9781E-E5F8-40FA-BB57-8A393980ABCC}.Release|Any CPU.ActiveCfg = Release|Any CPU
		{2BF9781E-E5F8-40FA-BB57-8A393980ABCC}.Release|Any CPU.Build.0 = Release|Any CPU
		{B19AA48B-C903-42F2-9B8A-DAA517FFD934}.Debug|Any CPU.ActiveCfg = Debug|Any CPU
		{B19AA48B-C903-42F2-9B8A-DAA517FFD934}.Debug|Any CPU.Build.0 = Debug|Any CPU
		{B19AA48B-C903-42F2-9B8A-DAA517FFD934}.Release|Any CPU.ActiveCfg = Release|Any CPU
		{B19AA48B-C903-42F2-9B8A-DAA517FFD934}.Release|Any CPU.Build.0 = Release|Any CPU
		{E9D60911-434B-4C0B-8277-C64DC0A6C4B9}.Debug|Any CPU.ActiveCfg = Debug|Any CPU
		{E9D60911-434B-4C0B-8277-C64DC0A6C4B9}.Debug|Any CPU.Build.0 = Debug|Any CPU
		{E9D60911-434B-4C0B-8277-C64DC0A6C4B9}.Release|Any CPU.ActiveCfg = Release|Any CPU
		{E9D60911-434B-4C0B-8277-C64DC0A6C4B9}.Release|Any CPU.Build.0 = Release|Any CPU
		{1FA8CFDF-0379-4A28-8C05-6F59EA15E57E}.Debug|Any CPU.ActiveCfg = Debug|Any CPU
		{1FA8CFDF-0379-4A28-8C05-6F59EA15E57E}.Debug|Any CPU.Build.0 = Debug|Any CPU
		{1FA8CFDF-0379-4A28-8C05-6F59EA15E57E}.Release|Any CPU.ActiveCfg = Release|Any CPU
		{1FA8CFDF-0379-4A28-8C05-6F59EA15E57E}.Release|Any CPU.Build.0 = Release|Any CPU
		{DDF24BF5-3EA8-495E-A641-4377ABED6992}.Debug|Any CPU.ActiveCfg = Debug|Any CPU
		{DDF24BF5-3EA8-495E-A641-4377ABED6992}.Debug|Any CPU.Build.0 = Debug|Any CPU
		{DDF24BF5-3EA8-495E-A641-4377ABED6992}.Release|Any CPU.ActiveCfg = Release|Any CPU
		{DDF24BF5-3EA8-495E-A641-4377ABED6992}.Release|Any CPU.Build.0 = Release|Any CPU
		{F88143C8-D2ED-4C5A-8B74-8B8171DEBF96}.Debug|Any CPU.ActiveCfg = Debug|Any CPU
		{F88143C8-D2ED-4C5A-8B74-8B8171DEBF96}.Debug|Any CPU.Build.0 = Debug|Any CPU
		{F88143C8-D2ED-4C5A-8B74-8B8171DEBF96}.Release|Any CPU.ActiveCfg = Release|Any CPU
		{F88143C8-D2ED-4C5A-8B74-8B8171DEBF96}.Release|Any CPU.Build.0 = Release|Any CPU
		{2DFB2014-AE8A-44B8-BEB3-FFFFF03BFB0D}.Debug|Any CPU.ActiveCfg = Debug|Any CPU
		{2DFB2014-AE8A-44B8-BEB3-FFFFF03BFB0D}.Debug|Any CPU.Build.0 = Debug|Any CPU
		{2DFB2014-AE8A-44B8-BEB3-FFFFF03BFB0D}.Release|Any CPU.ActiveCfg = Release|Any CPU
		{2DFB2014-AE8A-44B8-BEB3-FFFFF03BFB0D}.Release|Any CPU.Build.0 = Release|Any CPU
	EndGlobalSection
	GlobalSection(SolutionProperties) = preSolution
		HideSolutionNode = FALSE
	EndGlobalSection
	GlobalSection(NestedProjects) = preSolution
		{52AB4243-2E9F-4D85-BFC9-48A7957160E1} = {A5551651-79F8-400C-9492-3DA46898F9CE}
		{7149CD92-F27C-4DA0-80CC-2F22A0F21A88} = {A5551651-79F8-400C-9492-3DA46898F9CE}
		{47DAD044-7221-48E5-AA5C-24C7616A9D81} = {A5551651-79F8-400C-9492-3DA46898F9CE}
		{ADD66492-2FC9-48FA-A95B-68015DD72A28} = {A5551651-79F8-400C-9492-3DA46898F9CE}
		{BFF69ACA-9DD7-4FBA-99B7-049041A78F87} = {B1DC4E1C-6C7B-46F6-AB9D-E3EB4E6C7E0F}
		{D8976CF5-F8D0-4954-B405-986743505162} = {B1DC4E1C-6C7B-46F6-AB9D-E3EB4E6C7E0F}
		{8C223AF8-CE9B-4A51-B92E-AB81DC36B346} = {B1DC4E1C-6C7B-46F6-AB9D-E3EB4E6C7E0F}
		{B8B4F49C-21A5-44BA-A248-B829F62BEEB5} = {B1DC4E1C-6C7B-46F6-AB9D-E3EB4E6C7E0F}
		{784DFA6F-038E-4068-8274-8FF4CA1FAAA8} = {7149CD92-F27C-4DA0-80CC-2F22A0F21A88}
		{DB65CA76-FA33-4DA3-8640-27D7ED778A0C} = {7149CD92-F27C-4DA0-80CC-2F22A0F21A88}
		{81990985-FA5A-4CE6-AEB8-097A780F94AE} = {7149CD92-F27C-4DA0-80CC-2F22A0F21A88}
		{ADD9A2D4-E21C-4716-9338-97E5D4C1656C} = {98A3DB38-9C56-410F-BE27-9F07698000B6}
		{6A6E7FC9-DC58-49E1-AA3A-CFA15FDD51F2} = {98A3DB38-9C56-410F-BE27-9F07698000B6}
		{2BF9781E-E5F8-40FA-BB57-8A393980ABCC} = {286F3386-3DBF-460F-86C2-91883EFD27EB}
		{D6E60B85-C72B-43B5-9952-9974B294E753} = {A5551651-79F8-400C-9492-3DA46898F9CE}
		{B19AA48B-C903-42F2-9B8A-DAA517FFD934} = {D6E60B85-C72B-43B5-9952-9974B294E753}
		{1FA8CFDF-0379-4A28-8C05-6F59EA15E57E} = {286F3386-3DBF-460F-86C2-91883EFD27EB}
		{DDF24BF5-3EA8-495E-A641-4377ABED6992} = {B1DC4E1C-6C7B-46F6-AB9D-E3EB4E6C7E0F}
		{F88143C8-D2ED-4C5A-8B74-8B8171DEBF96} = {B1DC4E1C-6C7B-46F6-AB9D-E3EB4E6C7E0F}
		{2DFB2014-AE8A-44B8-BEB3-FFFFF03BFB0D} = {7149CD92-F27C-4DA0-80CC-2F22A0F21A88}
	EndGlobalSection
EndGlobal
